
Microsoft Visual Studio Solution File, Format Version 12.00
# Visual Studio Version 18
VisualStudioVersion = 18.6.11819.183 stable
MinimumVisualStudioVersion = 10.0.40219.1
Project("{9A19103F-16F7-4668-BE54-9A1E7A4F7556}") = "BlazorAppFood", "BlazorAppFood\BlazorAppFood.csproj", "{72EEB9D4-F486-48EA-8218-C935E01EDFB7}"
EndProject
Global
	GlobalSection(SolutionConfigurationPlatforms) = preSolution
		Debug|Any CPU = Debug|Any CPU
		Release|Any CPU = Release|Any CPU
	EndGlobalSection
	GlobalSection(ProjectConfigurationPlatforms) = postSolution
		{72EEB9D4-F486-48EA-8218-C935E01EDFB7}.Debug|Any CPU.ActiveCfg = Debug|Any CPU
		{72EEB9D4-F486-48EA-8218-C935E01EDFB7}.Debug|Any CPU.Build.0 = Debug|Any CPU
		{72EEB9D4-F486-48EA-8218-C935E01EDFB7}.Release|Any CPU.ActiveCfg = Release|Any CPU
		{72EEB9D4-F486-48EA-8218-C935E01EDFB7}.Release|Any CPU.Build.0 = Release|Any CPU
	EndGlobalSection
	GlobalSection(SolutionProperties) = preSolution
		HideSolutionNode = FALSE
	EndGlobalSection
	GlobalSection(ExtensibilityGlobals) = postSolution
		SolutionGuid = {8611283B-5CC9-4A77-9264-3E6CB1EF4B32}
	EndGlobalSection
EndGlobal
